
Microsoft Visual Studio Solution File, Format Version 10.00
# Visual Studio 2008
Project("{8BC9CEB8-8B4A-11D0-8D11-00A0C91BC942}") = "Far3Wrap", "src\Far3Wrap.vcproj", "{7E9CF007-1CAE-477B-859A-82C8B3D9D638}"
EndProject
Project("{8BC9CEB8-8B4A-11D0-8D11-00A0C91BC942}") = "Loader", "src\Loader.vcproj", "{9AFD16D2-FFEF-40D9-998B-5D5FAEE51372}"
EndProject
Global
	GlobalSection(SolutionConfigurationPlatforms) = preSolution
		Debug Unicode|Itanium = Debug Unicode|Itanium
		Debug Unicode|Win32 = Debug Unicode|Win32
		Debug Unicode|x64 = Debug Unicode|x64
		Debug|Itanium = Debug|Itanium
		Debug|Win32 = Debug|Win32
		Debug|x64 = Debug|x64
		DebugW3|Itanium = DebugW3|Itanium
		DebugW3|Win32 = DebugW3|Win32
		DebugW3|x64 = DebugW3|x64
		Release Unicode|Itanium = Release Unicode|Itanium
		Release Unicode|Win32 = Release Unicode|Win32
		Release Unicode|x64 = Release Unicode|x64
		Release|Itanium = Release|Itanium
		Release|Win32 = Release|Win32
		Release|x64 = Release|x64
		ReleaseW3|Itanium = ReleaseW3|Itanium
		ReleaseW3|Win32 = ReleaseW3|Win32
		ReleaseW3|x64 = ReleaseW3|x64
	EndGlobalSection
	GlobalSection(ProjectConfigurationPlatforms) = postSolution
		{7E9CF007-1CAE-477B-859A-82C8B3D9D638}.Debug Unicode|Itanium.ActiveCfg = DebugW3|x64
		{7E9CF007-1CAE-477B-859A-82C8B3D9D638}.Debug Unicode|Win32.ActiveCfg = DebugW3|x64
		{7E9CF007-1CAE-477B-859A-82C8B3D9D638}.Debug Unicode|x64.ActiveCfg = DebugW3|x64
		{7E9CF007-1CAE-477B-859A-82C8B3D9D638}.Debug Unicode|x64.Build.0 = DebugW3|x64
		{7E9CF007-1CAE-477B-859A-82C8B3D9D638}.Debug|Itanium.ActiveCfg = DebugW3|x64
		{7E9CF007-1CAE-477B-859A-82C8B3D9D638}.Debug|Win32.ActiveCfg = DebugW3|x64
		{7E9CF007-1CAE-477B-859A-82C8B3D9D638}.Debug|x64.ActiveCfg = DebugW3|x64
		{7E9CF007-1CAE-477B-859A-82C8B3D9D638}.Debug|x64.Build.0 = DebugW3|x64
		{7E9CF007-1CAE-477B-859A-82C8B3D9D638}.DebugW3|Itanium.ActiveCfg = DebugW3|x64
		{7E9CF007-1CAE-477B-859A-82C8B3D9D638}.DebugW3|Win32.ActiveCfg = DebugW3|Win32
		{7E9CF007-1CAE-477B-859A-82C8B3D9D638}.DebugW3|Win32.Build.0 = DebugW3|Win32
		{7E9CF007-1CAE-477B-859A-82C8B3D9D638}.DebugW3|x64.ActiveCfg = DebugW3|x64
		{7E9CF007-1CAE-477B-859A-82C8B3D9D638}.DebugW3|x64.Build.0 = DebugW3|x64
		{7E9CF007-1CAE-477B-859A-82C8B3D9D638}.Release Unicode|Itanium.ActiveCfg = ReleaseW3|x64
		{7E9CF007-1CAE-477B-859A-82C8B3D9D638}.Release Unicode|Win32.ActiveCfg = ReleaseW3|x64
		{7E9CF007-1CAE-477B-859A-82C8B3D9D638}.Release Unicode|x64.ActiveCfg = ReleaseW3|x64
		{7E9CF007-1CAE-477B-859A-82C8B3D9D638}.Release Unicode|x64.Build.0 = ReleaseW3|x64
		{7E9CF007-1CAE-477B-859A-82C8B3D9D638}.Release|Itanium.ActiveCfg = ReleaseW3|x64
		{7E9CF007-1CAE-477B-859A-82C8B3D9D638}.Release|Win32.ActiveCfg = ReleaseW3|x64
		{7E9CF007-1CAE-477B-859A-82C8B3D9D638}.Release|x64.ActiveCfg = ReleaseW3|x64
		{7E9CF007-1CAE-477B-859A-82C8B3D9D638}.Release|x64.Build.0 = ReleaseW3|x64
		{7E9CF007-1CAE-477B-859A-82C8B3D9D638}.ReleaseW3|Itanium.ActiveCfg = ReleaseW3|x64
		{7E9CF007-1CAE-477B-859A-82C8B3D9D638}.ReleaseW3|Win32.ActiveCfg = ReleaseW3|Win32
		{7E9CF007-1CAE-477B-859A-82C8B3D9D638}.ReleaseW3|Win32.Build.0 = ReleaseW3|Win32
		{7E9CF007-1CAE-477B-859A-82C8B3D9D638}.ReleaseW3|x64.ActiveCfg = ReleaseW3|x64
		{7E9CF007-1CAE-477B-859A-82C8B3D9D638}.ReleaseW3|x64.Build.0 = ReleaseW3|x64
		{9AFD16D2-FFEF-40D9-998B-5D5FAEE51372}.Debug Unicode|Itanium.ActiveCfg = DebugW3|x64
		{9AFD16D2-FFEF-40D9-998B-5D5FAEE51372}.Debug Unicode|Win32.ActiveCfg = DebugW3|x64
		{9AFD16D2-FFEF-40D9-998B-5D5FAEE51372}.Debug Unicode|x64.ActiveCfg = DebugW3|x64
		{9AFD16D2-FFEF-40D9-998B-5D5FAEE51372}.Debug Unicode|x64.Build.0 = DebugW3|x64
		{9AFD16D2-FFEF-40D9-998B-5D5FAEE51372}.Debug|Itanium.ActiveCfg = DebugW3|x64
		{9AFD16D2-FFEF-40D9-998B-5D5FAEE51372}.Debug|Win32.ActiveCfg = DebugW3|x64
		{9AFD16D2-FFEF-40D9-998B-5D5FAEE51372}.Debug|x64.ActiveCfg = DebugW3|x64
		{9AFD16D2-FFEF-40D9-998B-5D5FAEE51372}.Debug|x64.Build.0 = DebugW3|x64
		{9AFD16D2-FFEF-40D9-998B-5D5FAEE51372}.DebugW3|Itanium.ActiveCfg = DebugW3|x64
		{9AFD16D2-FFEF-40D9-998B-5D5FAEE51372}.DebugW3|Win32.ActiveCfg = DebugW3|Win32
		{9AFD16D2-FFEF-40D9-998B-5D5FAEE51372}.DebugW3|Win32.Build.0 = DebugW3|Win32
		{9AFD16D2-FFEF-40D9-998B-5D5FAEE51372}.DebugW3|x64.ActiveCfg = DebugW3|x64
		{9AFD16D2-FFEF-40D9-998B-5D5FAEE51372}.DebugW3|x64.Build.0 = DebugW3|x64
		{9AFD16D2-FFEF-40D9-998B-5D5FAEE51372}.Release Unicode|Itanium.ActiveCfg = ReleaseW3|x64
		{9AFD16D2-FFEF-40D9-998B-5D5FAEE51372}.Release Unicode|Win32.ActiveCfg = ReleaseW3|x64
		{9AFD16D2-FFEF-40D9-998B-5D5FAEE51372}.Release Unicode|x64.ActiveCfg = ReleaseW3|x64
		{9AFD16D2-FFEF-40D9-998B-5D5FAEE51372}.Release Unicode|x64.Build.0 = ReleaseW3|x64
		{9AFD16D2-FFEF-40D9-998B-5D5FAEE51372}.Release|Itanium.ActiveCfg = ReleaseW3|x64
		{9AFD16D2-FFEF-40D9-998B-5D5FAEE51372}.Release|Win32.ActiveCfg = ReleaseW3|x64
		{9AFD16D2-FFEF-40D9-998B-5D5FAEE51372}.Release|x64.ActiveCfg = ReleaseW3|x64
		{9AFD16D2-FFEF-40D9-998B-5D5FAEE51372}.Release|x64.Build.0 = ReleaseW3|x64
		{9AFD16D2-FFEF-40D9-998B-5D5FAEE51372}.ReleaseW3|Itanium.ActiveCfg = ReleaseW3|x64
		{9AFD16D2-FFEF-40D9-998B-5D5FAEE51372}.ReleaseW3|Win32.ActiveCfg = ReleaseW3|Win32
		{9AFD16D2-FFEF-40D9-998B-5D5FAEE51372}.ReleaseW3|x64.ActiveCfg = ReleaseW3|x64
	EndGlobalSection
	GlobalSection(SolutionProperties) = preSolution
		HideSolutionNode = FALSE
	EndGlobalSection
EndGlobal
